
Microsoft Visual Studio Solution File, Format Version 12.00
# Visual Studio Version 16
VisualStudioVersion = 16.0.30711.63
MinimumVisualStudioVersion = 10.0.40219.1
Project("{9A19103F-16F7-4668-BE54-9A1E7A4F7556}") = "ElevatorChallenge.Domain", "ElevatorChallenge.Domain\ElevatorChallenge.Domain.csproj", "{74B248C5-45B7-445C-B630-5B805D15CE88}"
EndProject
Project("{9A19103F-16F7-4668-BE54-9A1E7A4F7556}") = "ElevatorChallenge.Domain.Tests", "ElevatorChallenge.Domain.Tests\ElevatorChallenge.Domain.Tests.csproj", "{03188679-65FD-406E-9C4A-4126DD16F7FC}"
EndProject
Project("{9A19103F-16F7-4668-BE54-9A1E7A4F7556}") = "ElevatorChallenge.Application", "ElevatorChallenge.Application\ElevatorChallenge.Application.csproj", "{BB2EB307-687F-4F01-9606-EF1AC0FFE42C}"
EndProject
Project("{9A19103F-16F7-4668-BE54-9A1E7A4F7556}") = "ElevatorChallenge.Application.Tests", "ElevatorChallenge.Application.Tests\ElevatorChallenge.Application.Tests.csproj", "{2BF1F906-AB41-4A4E-8DFF-0761014FA893}"
EndProject
Project("{9A19103F-16F7-4668-BE54-9A1E7A4F7556}") = "ElevatorChallenge.Infrastructure", "ElevatorChallenge.Infrastructure\ElevatorChallenge.Infrastructure.csproj", "{29FA06E2-E295-417F-96A5-8CA59931F078}"
EndProject
Project("{9A19103F-16F7-4668-BE54-9A1E7A4F7556}") = "ElevatorChallenge.Commandline", "ElevatorChallenge.Commandline\ElevatorChallenge.Commandline.csproj", "{6D7A7314-F288-4EDA-8BEC-1819ACF73EE9}"
EndProject
Project("{E53339B2-1760-4266-BCC7-CA923CBCF16C}") = "docker-compose", "docker-compose.dcproj", "{FC9F4392-282B-4E69-B88C-A44784B301EA}"
EndProject
Project("{2150E333-8FDC-42A3-9474-1A3956D46DE8}") = "Solution Items", "Solution Items", "{BA28D2DF-4FB2-49FE-80D0-03ADFA88FA0E}"
	ProjectSection(SolutionItems) = preProject
		.gitignore = .gitignore
		README.md = README.md
	EndProjectSection
EndProject
Project("{2150E333-8FDC-42A3-9474-1A3956D46DE8}") = ".github", ".github", "{FB38E1F1-574C-41C4-9AFC-1780A69DE917}"
EndProject
Project("{2150E333-8FDC-42A3-9474-1A3956D46DE8}") = "workflows", "workflows", "{5CDF765E-8A0D-42B4-9371-AB81397FF487}"
	ProjectSection(SolutionItems) = preProject
		.github\workflows\build-and-test.yml = .github\workflows\build-and-test.yml
	EndProjectSection
EndProject
Project("{2150E333-8FDC-42A3-9474-1A3956D46DE8}") = "actions", "actions", "{A97EBB93-76C4-479B-8BFD-EDDE748F9759}"
EndProject
Project("{2150E333-8FDC-42A3-9474-1A3956D46DE8}") = "build-and-test-net5", "build-and-test-net5", "{EE88C399-E549-49BF-BCA9-CF28135FC011}"
	ProjectSection(SolutionItems) = preProject
		.github\actions\build-and-test-net5\action.yml = .github\actions\build-and-test-net5\action.yml
		.github\actions\build-and-test-net5\Dockerfile = .github\actions\build-and-test-net5\Dockerfile
		.github\actions\build-and-test-net5\entrypoint.sh = .github\actions\build-and-test-net5\entrypoint.sh
	EndProjectSection
EndProject
Project("{9A19103F-16F7-4668-BE54-9A1E7A4F7556}") = "ElevatorChallenge.Infrastructure.Tests", "ElevatorChallenge.Infrastructure.Tests\ElevatorChallenge.Infrastructure.Tests.csproj", "{2D49C54C-DF42-437A-9373-7F5917C2202D}"
EndProject
Project("{9A19103F-16F7-4668-BE54-9A1E7A4F7556}") = "ElevatorChallenge.Commandline.Tests", "ElevatorChallenge.Commandline.Tests\ElevatorChallenge.Commandline.Tests.csproj", "{5582DDEB-2402-46ED-8CDA-55091A8ED9EC}"
EndProject
Project("{9A19103F-16F7-4668-BE54-9A1E7A4F7556}") = "ElevatorChallenge.Specs", "ElevatorChallenge.Specs\ElevatorChallenge.Specs.csproj", "{8CBAF57E-EB36-4208-A921-3E420DD8AD33}"
EndProject
Global
	GlobalSection(SolutionConfigurationPlatforms) = preSolution
		Debug|Any CPU = Debug|Any CPU
		Release|Any CPU = Release|Any CPU
	EndGlobalSection
	GlobalSection(ProjectConfigurationPlatforms) = postSolution
		{74B248C5-45B7-445C-B630-5B805D15CE88}.Debug|Any CPU.ActiveCfg = Debug|Any CPU
		{74B248C5-45B7-445C-B630-5B805D15CE88}.Debug|Any CPU.Build.0 = Debug|Any CPU
		{74B248C5-45B7-445C-B630-5B805D15CE88}.Release|Any CPU.ActiveCfg = Release|Any CPU
		{74B248C5-45B7-445C-B630-5B805D15CE88}.Release|Any CPU.Build.0 = Release|Any CPU
		{03188679-65FD-406E-9C4A-4126DD16F7FC}.Debug|Any CPU.ActiveCfg = Debug|Any CPU
		{03188679-65FD-406E-9C4A-4126DD16F7FC}.Debug|Any CPU.Build.0 = Debug|Any CPU
		{03188679-65FD-406E-9C4A-4126DD16F7FC}.Release|Any CPU.ActiveCfg = Release|Any CPU
		{03188679-65FD-406E-9C4A-4126DD16F7FC}.Release|Any CPU.Build.0 = Release|Any CPU
		{BB2EB307-687F-4F01-9606-EF1AC0FFE42C}.Debug|Any CPU.ActiveCfg = Debug|Any CPU
		{BB2EB307-687F-4F01-9606-EF1AC0FFE42C}.Debug|Any CPU.Build.0 = Debug|Any CPU
		{BB2EB307-687F-4F01-9606-EF1AC0FFE42C}.Release|Any CPU.ActiveCfg = Release|Any CPU
		{BB2EB307-687F-4F01-9606-EF1AC0FFE42C}.Release|Any CPU.Build.0 = Release|Any CPU
		{2BF1F906-AB41-4A4E-8DFF-0761014FA893}.Debug|Any CPU.ActiveCfg = Debug|Any CPU
		{2BF1F906-AB41-4A4E-8DFF-0761014FA893}.Debug|Any CPU.Build.0 = Debug|Any CPU
		{2BF1F906-AB41-4A4E-8DFF-0761014FA893}.Release|Any CPU.ActiveCfg = Release|Any CPU
		{2BF1F906-AB41-4A4E-8DFF-0761014FA893}.Release|Any CPU.Build.0 = Release|Any CPU
		{29FA06E2-E295-417F-96A5-8CA59931F078}.Debug|Any CPU.ActiveCfg = Debug|Any CPU
		{29FA06E2-E295-417F-96A5-8CA59931F078}.Debug|Any CPU.Build.0 = Debug|Any CPU
		{29FA06E2-E295-417F-96A5-8CA59931F078}.Release|Any CPU.ActiveCfg = Release|Any CPU
		{29FA06E2-E295-417F-96A5-8CA59931F078}.Release|Any CPU.Build.0 = Release|Any CPU
		{6D7A7314-F288-4EDA-8BEC-1819ACF73EE9}.Debug|Any CPU.ActiveCfg = Debug|Any CPU
		{6D7A7314-F288-4EDA-8BEC-1819ACF73EE9}.Debug|Any CPU.Build.0 = Debug|Any CPU
		{6D7A7314-F288-4EDA-8BEC-1819ACF73EE9}.Release|Any CPU.ActiveCfg = Release|Any CPU
		{6D7A7314-F288-4EDA-8BEC-1819ACF73EE9}.Release|Any CPU.Build.0 = Release|Any CPU
		{FC9F4392-282B-4E69-B88C-A44784B301EA}.Debug|Any CPU.ActiveCfg = Debug|Any CPU
		{FC9F4392-282B-4E69-B88C-A44784B301EA}.Debug|Any CPU.Build.0 = Debug|Any CPU
		{FC9F4392-282B-4E69-B88C-A44784B301EA}.Release|Any CPU.ActiveCfg = Release|Any CPU
		{FC9F4392-282B-4E69-B88C-A44784B301EA}.Release|Any CPU.Build.0 = Release|Any CPU
		{2D49C54C-DF42-437A-9373-7F5917C2202D}.Debug|Any CPU.ActiveCfg = Debug|Any CPU
		{2D49C54C-DF42-437A-9373-7F5917C2202D}.Debug|Any CPU.Build.0 = Debug|Any CPU
		{2D49C54C-DF42-437A-9373-7F5917C2202D}.Release|Any CPU.ActiveCfg = Release|Any CPU
		{2D49C54C-DF42-437A-9373-7F5917C2202D}.Release|Any CPU.Build.0 = Release|Any CPU
		{5582DDEB-2402-46ED-8CDA-55091A8ED9EC}.Debug|Any CPU.ActiveCfg = Debug|Any CPU
		{5582DDEB-2402-46ED-8CDA-55091A8ED9EC}.Debug|Any CPU.Build.0 = Debug|Any CPU
		{5582DDEB-2402-46ED-8CDA-55091A8ED9EC}.Release|Any CPU.ActiveCfg = Release|Any CPU
		{5582DDEB-2402-46ED-8CDA-55091A8ED9EC}.Release|Any CPU.Build.0 = Release|Any CPU
		{8CBAF57E-EB36-4208-A921-3E420DD8AD33}.Debug|Any CPU.ActiveCfg = Debug|Any CPU
		{8CBAF57E-EB36-4208-A921-3E420DD8AD33}.Debug|Any CPU.Build.0 = Debug|Any CPU
		{8CBAF57E-EB36-4208-A921-3E420DD8AD33}.Release|Any CPU.ActiveCfg = Release|Any CPU
		{8CBAF57E-EB36-4208-A921-3E420DD8AD33}.Release|Any CPU.Build.0 = Release|Any CPU
	EndGlobalSection
	GlobalSection(SolutionProperties) = preSolution
		HideSolutionNode = FALSE
	EndGlobalSection
	GlobalSection(NestedProjects) = preSolution
		{FB38E1F1-574C-41C4-9AFC-1780A69DE917} = {BA28D2DF-4FB2-49FE-80D0-03ADFA88FA0E}
		{5CDF765E-8A0D-42B4-9371-AB81397FF487} = {FB38E1F1-574C-41C4-9AFC-1780A69DE917}
		{A97EBB93-76C4-479B-8BFD-EDDE748F9759} = {FB38E1F1-574C-41C4-9AFC-1780A69DE917}
		{EE88C399-E549-49BF-BCA9-CF28135FC011} = {A97EBB93-76C4-479B-8BFD-EDDE748F9759}
	EndGlobalSection
	GlobalSection(ExtensibilityGlobals) = postSolution
		SolutionGuid = {1AB07794-A04E-46CC-BB69-6B2EDB4B9786}
	EndGlobalSection
EndGlobal
