
Microsoft Visual Studio Solution File, Format Version 12.00
# Visual Studio Version 16
VisualStudioVersion = 16.0.30711.63
MinimumVisualStudioVersion = 10.0.40219.1
Project("{9A19103F-16F7-4668-BE54-9A1E7A4F7556}") = "ElevatorChallenge.Domain", "ElevatorChallenge.Domain\ElevatorChallenge.Domain.csproj", "{74B248C5-45B7-445C-B630-5B805D15CE88}"
EndProject
Project("{9A19103F-16F7-4668-BE54-9A1E7A4F7556}") = "ElevatorChallenge.Domain.Tests", "ElevatorChallenge.Domain.Tests\ElevatorChallenge.Domain.Tests.csproj", "{03188679-65FD-406E-9C4A-4126DD16F7FC}"
EndProject
Project("{9A19103F-16F7-4668-BE54-9A1E7A4F7556}") = "ElevatorChallenge.Application", "ElevatorChallenge.Application\ElevatorChallenge.Application.csproj", "{BB2EB307-687F-4F01-9606-EF1AC0FFE42C}"
EndProject
Project("{9A19103F-16F7-4668-BE54-9A1E7A4F7556}") = "ElevatorChallenge.Application.Tests", "ElevatorChallenge.Application.Tests\ElevatorChallenge.Application.Tests.csproj", "{2BF1F906-AB41-4A4E-8DFF-0761014FA893}"
EndProject
Project("{9A19103F-16F7-4668-BE54-9A1E7A4F7556}") = "ElevatorChallenge.Infrastructure", "ElevatorChallenge.Infrastructure\ElevatorChallenge.Infrastructure.csproj", "{29FA06E2-E295-417F-96A5-8CA59931F078}"
EndProject
Project("{9A19103F-16F7-4668-BE54-9A1E7A4F7556}") = "ElevatorChallenge.Commandline", "ElevatorChallenge.Commandline\ElevatorChallenge.Commandline.csproj", "{6D7A7314-F288-4EDA-8BEC-1819ACF73EE9}"
EndProject
Project("{E53339B2-1760-4266-BCC7-CA923CBCF16C}") = "docker-compose", "docker-compose.dcproj", "{FC9F4392-282B-4E69-B88C-A44784B301EA}"
EndProject
Project("{2150E333-8FDC-42A3-9474-1A3956D46DE8}") = "Solution Items", "Solution Items", "{BA28D2DF-4FB2-49FE-80D0-03ADFA88FA0E}"
	ProjectSection(SolutionItems) = preProject
		.gitignore = .gitignore
		README.md = README.md
	EndProjectSection
EndProject
Global
	GlobalSection(SolutionConfigurationPlatforms) = preSolution
		Debug|Any CPU = Debug|Any CPU
		Release|Any CPU = Release|Any CPU
	EndGlobalSection
	GlobalSection(ProjectConfigurationPlatforms) = postSolution
		{74B248C5-45B7-445C-B630-5B805D15CE88}.Debug|Any CPU.ActiveCfg = Debug|Any CPU
		{74B248C5-45B7-445C-B630-5B805D15CE88}.Debug|Any CPU.Build.0 = Debug|Any CPU
		{74B248C5-45B7-445C-B630-5B805D15CE88}.Release|Any CPU.ActiveCfg = Release|Any CPU
		{74B248C5-45B7-445C-B630-5B805D15CE88}.Release|Any CPU.Build.0 = Release|Any CPU
		{03188679-65FD-406E-9C4A-4126DD16F7FC}.Debug|Any CPU.ActiveCfg = Debug|Any CPU
		{03188679-65FD-406E-9C4A-4126DD16F7FC}.Debug|Any CPU.Build.0 = Debug|Any CPU
		{03188679-65FD-406E-9C4A-4126DD16F7FC}.Release|Any CPU.ActiveCfg = Release|Any CPU
		{03188679-65FD-406E-9C4A-4126DD16F7FC}.Release|Any CPU.Build.0 = Release|Any CPU
		{BB2EB307-687F-4F01-9606-EF1AC0FFE42C}.Debug|Any CPU.ActiveCfg = Debug|Any CPU
		{BB2EB307-687F-4F01-9606-EF1AC0FFE42C}.Debug|Any CPU.Build.0 = Debug|Any CPU
		{BB2EB307-687F-4F01-9606-EF1AC0FFE42C}.Release|Any CPU.ActiveCfg = Release|Any CPU
		{BB2EB307-687F-4F01-9606-EF1AC0FFE42C}.Release|Any CPU.Build.0 = Release|Any CPU
		{2BF1F906-AB41-4A4E-8DFF-0761014FA893}.Debug|Any CPU.ActiveCfg = Debug|Any CPU
		{2BF1F906-AB41-4A4E-8DFF-0761014FA893}.Debug|Any CPU.Build.0 = Debug|Any CPU
		{2BF1F906-AB41-4A4E-8DFF-0761014FA893}.Release|Any CPU.ActiveCfg = Release|Any CPU
		{2BF1F906-AB41-4A4E-8DFF-0761014FA893}.Release|Any CPU.Build.0 = Release|Any CPU
		{29FA06E2-E295-417F-96A5-8CA59931F078}.Debug|Any CPU.ActiveCfg = Debug|Any CPU
		{29FA06E2-E295-417F-96A5-8CA59931F078}.Debug|Any CPU.Build.0 = Debug|Any CPU
		{29FA06E2-E295-417F-96A5-8CA59931F078}.Release|Any CPU.ActiveCfg = Release|Any CPU
		{29FA06E2-E295-417F-96A5-8CA59931F078}.Release|Any CPU.Build.0 = Release|Any CPU
		{6D7A7314-F288-4EDA-8BEC-1819ACF73EE9}.Debug|Any CPU.ActiveCfg = Debug|Any CPU
		{6D7A7314-F288-4EDA-8BEC-1819ACF73EE9}.Debug|Any CPU.Build.0 = Debug|Any CPU
		{6D7A7314-F288-4EDA-8BEC-1819ACF73EE9}.Release|Any CPU.ActiveCfg = Release|Any CPU
		{6D7A7314-F288-4EDA-8BEC-1819ACF73EE9}.Release|Any CPU.Build.0 = Release|Any CPU
		{FC9F4392-282B-4E69-B88C-A44784B301EA}.Debug|Any CPU.ActiveCfg = Debug|Any CPU
		{FC9F4392-282B-4E69-B88C-A44784B301EA}.Debug|Any CPU.Build.0 = Debug|Any CPU
		{FC9F4392-282B-4E69-B88C-A44784B301EA}.Release|Any CPU.ActiveCfg = Release|Any CPU
		{FC9F4392-282B-4E69-B88C-A44784B301EA}.Release|Any CPU.Build.0 = Release|Any CPU
	EndGlobalSection
	GlobalSection(SolutionProperties) = preSolution
		HideSolutionNode = FALSE
	EndGlobalSection
	GlobalSection(ExtensibilityGlobals) = postSolution
		SolutionGuid = {1AB07794-A04E-46CC-BB69-6B2EDB4B9786}
	EndGlobalSection
EndGlobal
